// !$*UTF8*$!
{
	archiveVersion = 1;
	classes = {
	};
	objectVersion = 56;
	objects = {

/* Begin PBXBuildFile section */
		0FC6ABE22C7F232B00986158 /* CanvasView.swift in Sources */ = {isa = PBXBuildFile; fileRef = 0FC6ABE12C7F232B00986158 /* CanvasView.swift */; };
		0FC6ABE42C7F233500986158 /* CanvasViewModel.swift in Sources */ = {isa = PBXBuildFile; fileRef = 0FC6ABE32C7F233500986158 /* CanvasViewModel.swift */; };
		0FC6ABE62C7F308400986158 /* OOPElementModel.swift in Sources */ = {isa = PBXBuildFile; fileRef = 0FC6ABE52C7F308400986158 /* OOPElementModel.swift */; };
		0FC6ABE92C7F447800986158 /* ClassView.swift in Sources */ = {isa = PBXBuildFile; fileRef = 0FC6ABE82C7F447800986158 /* ClassView.swift */; };
		0FC6ABEE2C7F542400986158 /* CGPoint+Hashable.swift in Sources */ = {isa = PBXBuildFile; fileRef = 0FC6ABED2C7F542400986158 /* CGPoint+Hashable.swift */; };
		0FD4DA042C7DAEC100A0279D /* QuickArchitectApp.swift in Sources */ = {isa = PBXBuildFile; fileRef = 0FD4DA032C7DAEC100A0279D /* QuickArchitectApp.swift */; };
		0FD4DA062C7DAEC100A0279D /* QuickArchitectDocument.swift in Sources */ = {isa = PBXBuildFile; fileRef = 0FD4DA052C7DAEC100A0279D /* QuickArchitectDocument.swift */; };
		0FD4DA0A2C7DAEC300A0279D /* Assets.xcassets in Resources */ = {isa = PBXBuildFile; fileRef = 0FD4DA092C7DAEC300A0279D /* Assets.xcassets */; };
		0FD4DA0D2C7DAEC300A0279D /* Preview Assets.xcassets in Resources */ = {isa = PBXBuildFile; fileRef = 0FD4DA0C2C7DAEC300A0279D /* Preview Assets.xcassets */; };
		0FD4DA192C7DAEC300A0279D /* QuickArchitectTests.swift in Sources */ = {isa = PBXBuildFile; fileRef = 0FD4DA182C7DAEC300A0279D /* QuickArchitectTests.swift */; };
		0FD4DA232C7DAEC300A0279D /* QuickArchitectUITests.swift in Sources */ = {isa = PBXBuildFile; fileRef = 0FD4DA222C7DAEC300A0279D /* QuickArchitectUITests.swift */; };
		0FD4DA252C7DAEC300A0279D /* QuickArchitectUITestsLaunchTests.swift in Sources */ = {isa = PBXBuildFile; fileRef = 0FD4DA242C7DAEC300A0279D /* QuickArchitectUITestsLaunchTests.swift */; };
/* End PBXBuildFile section */

/* Begin PBXContainerItemProxy section */
		0FD4DA152C7DAEC300A0279D /* PBXContainerItemProxy */ = {
			isa = PBXContainerItemProxy;
			containerPortal = 0FD4D9F82C7DAEC100A0279D /* Project object */;
			proxyType = 1;
			remoteGlobalIDString = 0FD4D9FF2C7DAEC100A0279D;
			remoteInfo = QuickArchitect;
		};
		0FD4DA1F2C7DAEC300A0279D /* PBXContainerItemProxy */ = {
			isa = PBXContainerItemProxy;
			containerPortal = 0FD4D9F82C7DAEC100A0279D /* Project object */;
			proxyType = 1;
			remoteGlobalIDString = 0FD4D9FF2C7DAEC100A0279D;
			remoteInfo = QuickArchitect;
		};
/* End PBXContainerItemProxy section */

/* Begin PBXFileReference section */
		0FC6ABE12C7F232B00986158 /* CanvasView.swift */ = {isa = PBXFileReference; lastKnownFileType = sourcecode.swift; path = CanvasView.swift; sourceTree = "<group>"; };
		0FC6ABE32C7F233500986158 /* CanvasViewModel.swift */ = {isa = PBXFileReference; lastKnownFileType = sourcecode.swift; path = CanvasViewModel.swift; sourceTree = "<group>"; };
		0FC6ABE52C7F308400986158 /* OOPElementModel.swift */ = {isa = PBXFileReference; lastKnownFileType = sourcecode.swift; path = OOPElementModel.swift; sourceTree = "<group>"; };
		0FC6ABE82C7F447800986158 /* ClassView.swift */ = {isa = PBXFileReference; lastKnownFileType = sourcecode.swift; path = ClassView.swift; sourceTree = "<group>"; };
		0FC6ABED2C7F542400986158 /* CGPoint+Hashable.swift */ = {isa = PBXFileReference; lastKnownFileType = sourcecode.swift; path = "CGPoint+Hashable.swift"; sourceTree = "<group>"; };
		0FD4DA002C7DAEC100A0279D /* QuickArchitect.app */ = {isa = PBXFileReference; explicitFileType = wrapper.application; includeInIndex = 0; path = QuickArchitect.app; sourceTree = BUILT_PRODUCTS_DIR; };
		0FD4DA032C7DAEC100A0279D /* QuickArchitectApp.swift */ = {isa = PBXFileReference; lastKnownFileType = sourcecode.swift; path = QuickArchitectApp.swift; sourceTree = "<group>"; };
		0FD4DA052C7DAEC100A0279D /* QuickArchitectDocument.swift */ = {isa = PBXFileReference; lastKnownFileType = sourcecode.swift; path = QuickArchitectDocument.swift; sourceTree = "<group>"; };
		0FD4DA092C7DAEC300A0279D /* Assets.xcassets */ = {isa = PBXFileReference; lastKnownFileType = folder.assetcatalog; path = Assets.xcassets; sourceTree = "<group>"; };
		0FD4DA0C2C7DAEC300A0279D /* Preview Assets.xcassets */ = {isa = PBXFileReference; lastKnownFileType = folder.assetcatalog; path = "Preview Assets.xcassets"; sourceTree = "<group>"; };
		0FD4DA0E2C7DAEC300A0279D /* Info.plist */ = {isa = PBXFileReference; lastKnownFileType = text.plist.xml; path = Info.plist; sourceTree = "<group>"; };
		0FD4DA0F2C7DAEC300A0279D /* QuickArchitect.entitlements */ = {isa = PBXFileReference; lastKnownFileType = text.plist.entitlements; path = QuickArchitect.entitlements; sourceTree = "<group>"; };
		0FD4DA142C7DAEC300A0279D /* QuickArchitectTests.xctest */ = {isa = PBXFileReference; explicitFileType = wrapper.cfbundle; includeInIndex = 0; path = QuickArchitectTests.xctest; sourceTree = BUILT_PRODUCTS_DIR; };
		0FD4DA182C7DAEC300A0279D /* QuickArchitectTests.swift */ = {isa = PBXFileReference; lastKnownFileType = sourcecode.swift; path = QuickArchitectTests.swift; sourceTree = "<group>"; };
		0FD4DA1E2C7DAEC300A0279D /* QuickArchitectUITests.xctest */ = {isa = PBXFileReference; explicitFileType = wrapper.cfbundle; includeInIndex = 0; path = QuickArchitectUITests.xctest; sourceTree = BUILT_PRODUCTS_DIR; };
		0FD4DA222C7DAEC300A0279D /* QuickArchitectUITests.swift */ = {isa = PBXFileReference; lastKnownFileType = sourcecode.swift; path = QuickArchitectUITests.swift; sourceTree = "<group>"; };
		0FD4DA242C7DAEC300A0279D /* QuickArchitectUITestsLaunchTests.swift */ = {isa = PBXFileReference; lastKnownFileType = sourcecode.swift; path = QuickArchitectUITestsLaunchTests.swift; sourceTree = "<group>"; };
/* End PBXFileReference section */

/* Begin PBXFrameworksBuildPhase section */
		0FD4D9FD2C7DAEC100A0279D /* Frameworks */ = {
			isa = PBXFrameworksBuildPhase;
			buildActionMask = 2147483647;
			files = (
			);
			runOnlyForDeploymentPostprocessing = 0;
		};
		0FD4DA112C7DAEC300A0279D /* Frameworks */ = {
			isa = PBXFrameworksBuildPhase;
			buildActionMask = 2147483647;
			files = (
			);
			runOnlyForDeploymentPostprocessing = 0;
		};
		0FD4DA1B2C7DAEC300A0279D /* Frameworks */ = {
			isa = PBXFrameworksBuildPhase;
			buildActionMask = 2147483647;
			files = (
			);
			runOnlyForDeploymentPostprocessing = 0;
		};
/* End PBXFrameworksBuildPhase section */

/* Begin PBXGroup section */
		0FC6ABDE2C7F08D300986158 /* Components */ = {
			isa = PBXGroup;
			children = (
				0FC6ABE72C7F443900986158 /* ToolbarItems */,
				0FC6ABE02C7F08E900986158 /* Canvas */,
			);
			path = Components;
			sourceTree = "<group>";
		};
		0FC6ABE02C7F08E900986158 /* Canvas */ = {
			isa = PBXGroup;
			children = (
				0FC6ABE12C7F232B00986158 /* CanvasView.swift */,
				0FC6ABE32C7F233500986158 /* CanvasViewModel.swift */,
			);
			path = Canvas;
			sourceTree = "<group>";
		};
		0FC6ABE72C7F443900986158 /* ToolbarItems */ = {
			isa = PBXGroup;
			children = (
				0FC6ABEB2C7F53F400986158 /* Models */,
				0FC6ABEA2C7F476A00986158 /* Views */,
			);
			path = ToolbarItems;
			sourceTree = "<group>";
		};
		0FC6ABEA2C7F476A00986158 /* Views */ = {
			isa = PBXGroup;
			children = (
				0FC6ABE82C7F447800986158 /* ClassView.swift */,
			);
			path = Views;
			sourceTree = "<group>";
		};
		0FC6ABEB2C7F53F400986158 /* Models */ = {
			isa = PBXGroup;
			children = (
				0FC6ABE52C7F308400986158 /* OOPElementModel.swift */,
			);
			path = Models;
			sourceTree = "<group>";
		};
		0FC6ABEC2C7F540700986158 /* Extensions */ = {
			isa = PBXGroup;
			children = (
				0FC6ABED2C7F542400986158 /* CGPoint+Hashable.swift */,
			);
			path = Extensions;
			sourceTree = "<group>";
		};
		0FD4D9F72C7DAEC100A0279D = {
			isa = PBXGroup;
			children = (
				0FD4DA022C7DAEC100A0279D /* QuickArchitect */,
				0FD4DA172C7DAEC300A0279D /* QuickArchitectTests */,
				0FD4DA212C7DAEC300A0279D /* QuickArchitectUITests */,
				0FD4DA012C7DAEC100A0279D /* Products */,
			);
			sourceTree = "<group>";
		};
		0FD4DA012C7DAEC100A0279D /* Products */ = {
			isa = PBXGroup;
			children = (
				0FD4DA002C7DAEC100A0279D /* QuickArchitect.app */,
				0FD4DA142C7DAEC300A0279D /* QuickArchitectTests.xctest */,
				0FD4DA1E2C7DAEC300A0279D /* QuickArchitectUITests.xctest */,
			);
			name = Products;
			sourceTree = "<group>";
		};
		0FD4DA022C7DAEC100A0279D /* QuickArchitect */ = {
			isa = PBXGroup;
			children = (
				0FC6ABDE2C7F08D300986158 /* Components */,
				0FC6ABEC2C7F540700986158 /* Extensions */,
				0FD4DA032C7DAEC100A0279D /* QuickArchitectApp.swift */,
				0FD4DA052C7DAEC100A0279D /* QuickArchitectDocument.swift */,
				0FD4DA092C7DAEC300A0279D /* Assets.xcassets */,
				0FD4DA0E2C7DAEC300A0279D /* Info.plist */,
				0FD4DA0F2C7DAEC300A0279D /* QuickArchitect.entitlements */,
				0FD4DA0B2C7DAEC300A0279D /* Preview Content */,
			);
			path = QuickArchitect;
			sourceTree = "<group>";
		};
		0FD4DA0B2C7DAEC300A0279D /* Preview Content */ = {
			isa = PBXGroup;
			children = (
				0FD4DA0C2C7DAEC300A0279D /* Preview Assets.xcassets */,
			);
			path = "Preview Content";
			sourceTree = "<group>";
		};
		0FD4DA172C7DAEC300A0279D /* QuickArchitectTests */ = {
			isa = PBXGroup;
			children = (
				0FD4DA182C7DAEC300A0279D /* QuickArchitectTests.swift */,
			);
			path = QuickArchitectTests;
			sourceTree = "<group>";
		};
		0FD4DA212C7DAEC300A0279D /* QuickArchitectUITests */ = {
			isa = PBXGroup;
			children = (
				0FD4DA222C7DAEC300A0279D /* QuickArchitectUITests.swift */,
				0FD4DA242C7DAEC300A0279D /* QuickArchitectUITestsLaunchTests.swift */,
			);
			path = QuickArchitectUITests;
			sourceTree = "<group>";
		};
/* End PBXGroup section */

/* Begin PBXNativeTarget section */
		0FD4D9FF2C7DAEC100A0279D /* QuickArchitect */ = {
			isa = PBXNativeTarget;
			buildConfigurationList = 0FD4DA282C7DAEC300A0279D /* Build configuration list for PBXNativeTarget "QuickArchitect" */;
			buildPhases = (
				0FD4D9FC2C7DAEC100A0279D /* Sources */,
				0FD4D9FD2C7DAEC100A0279D /* Frameworks */,
				0FD4D9FE2C7DAEC100A0279D /* Resources */,
			);
			buildRules = (
			);
			dependencies = (
			);
			name = QuickArchitect;
			productName = QuickArchitect;
			productReference = 0FD4DA002C7DAEC100A0279D /* QuickArchitect.app */;
			productType = "com.apple.product-type.application";
		};
		0FD4DA132C7DAEC300A0279D /* QuickArchitectTests */ = {
			isa = PBXNativeTarget;
			buildConfigurationList = 0FD4DA2B2C7DAEC300A0279D /* Build configuration list for PBXNativeTarget "QuickArchitectTests" */;
			buildPhases = (
				0FD4DA102C7DAEC300A0279D /* Sources */,
				0FD4DA112C7DAEC300A0279D /* Frameworks */,
				0FD4DA122C7DAEC300A0279D /* Resources */,
			);
			buildRules = (
			);
			dependencies = (
				0FD4DA162C7DAEC300A0279D /* PBXTargetDependency */,
			);
			name = QuickArchitectTests;
			productName = QuickArchitectTests;
			productReference = 0FD4DA142C7DAEC300A0279D /* QuickArchitectTests.xctest */;
			productType = "com.apple.product-type.bundle.unit-test";
		};
		0FD4DA1D2C7DAEC300A0279D /* QuickArchitectUITests */ = {
			isa = PBXNativeTarget;
			buildConfigurationList = 0FD4DA2E2C7DAEC300A0279D /* Build configuration list for PBXNativeTarget "QuickArchitectUITests" */;
			buildPhases = (
				0FD4DA1A2C7DAEC300A0279D /* Sources */,
				0FD4DA1B2C7DAEC300A0279D /* Frameworks */,
				0FD4DA1C2C7DAEC300A0279D /* Resources */,
			);
			buildRules = (
			);
			dependencies = (
				0FD4DA202C7DAEC300A0279D /* PBXTargetDependency */,
			);
			name = QuickArchitectUITests;
			productName = QuickArchitectUITests;
			productReference = 0FD4DA1E2C7DAEC300A0279D /* QuickArchitectUITests.xctest */;
			productType = "com.apple.product-type.bundle.ui-testing";
		};
/* End PBXNativeTarget section */

/* Begin PBXProject section */
		0FD4D9F82C7DAEC100A0279D /* Project object */ = {
			isa = PBXProject;
			attributes = {
				BuildIndependentTargetsInParallel = 1;
				LastSwiftUpdateCheck = 1540;
				LastUpgradeCheck = 1540;
				TargetAttributes = {
					0FD4D9FF2C7DAEC100A0279D = {
						CreatedOnToolsVersion = 15.4;
					};
					0FD4DA132C7DAEC300A0279D = {
						CreatedOnToolsVersion = 15.4;
						TestTargetID = 0FD4D9FF2C7DAEC100A0279D;
					};
					0FD4DA1D2C7DAEC300A0279D = {
						CreatedOnToolsVersion = 15.4;
						TestTargetID = 0FD4D9FF2C7DAEC100A0279D;
					};
				};
			};
			buildConfigurationList = 0FD4D9FB2C7DAEC100A0279D /* Build configuration list for PBXProject "QuickArchitect" */;
			compatibilityVersion = "Xcode 14.0";
			developmentRegion = en;
			hasScannedForEncodings = 0;
			knownRegions = (
				en,
				Base,
			);
			mainGroup = 0FD4D9F72C7DAEC100A0279D;
			productRefGroup = 0FD4DA012C7DAEC100A0279D /* Products */;
			projectDirPath = "";
			projectRoot = "";
			targets = (
				0FD4D9FF2C7DAEC100A0279D /* QuickArchitect */,
				0FD4DA132C7DAEC300A0279D /* QuickArchitectTests */,
				0FD4DA1D2C7DAEC300A0279D /* QuickArchitectUITests */,
			);
		};
/* End PBXProject section */

/* Begin PBXResourcesBuildPhase section */
		0FD4D9FE2C7DAEC100A0279D /* Resources */ = {
			isa = PBXResourcesBuildPhase;
			buildActionMask = 2147483647;
			files = (
				0FD4DA0D2C7DAEC300A0279D /* Preview Assets.xcassets in Resources */,
				0FD4DA0A2C7DAEC300A0279D /* Assets.xcassets in Resources */,
			);
			runOnlyForDeploymentPostprocessing = 0;
		};
		0FD4DA122C7DAEC300A0279D /* Resources */ = {
			isa = PBXResourcesBuildPhase;
			buildActionMask = 2147483647;
			files = (
			);
			runOnlyForDeploymentPostprocessing = 0;
		};
		0FD4DA1C2C7DAEC300A0279D /* Resources */ = {
			isa = PBXResourcesBuildPhase;
			buildActionMask = 2147483647;
			files = (
			);
			runOnlyForDeploymentPostprocessing = 0;
		};
/* End PBXResourcesBuildPhase section */

/* Begin PBXSourcesBuildPhase section */
		0FD4D9FC2C7DAEC100A0279D /* Sources */ = {
			isa = PBXSourcesBuildPhase;
			buildActionMask = 2147483647;
			files = (
				0FC6ABE42C7F233500986158 /* CanvasViewModel.swift in Sources */,
				0FD4DA062C7DAEC100A0279D /* QuickArchitectDocument.swift in Sources */,
				0FD4DA042C7DAEC100A0279D /* QuickArchitectApp.swift in Sources */,
				0FC6ABE92C7F447800986158 /* ClassView.swift in Sources */,
				0FC6ABEE2C7F542400986158 /* CGPoint+Hashable.swift in Sources */,
				0FC6ABE22C7F232B00986158 /* CanvasView.swift in Sources */,
				0FC6ABE62C7F308400986158 /* OOPElementModel.swift in Sources */,
			);
			runOnlyForDeploymentPostprocessing = 0;
		};
		0FD4DA102C7DAEC300A0279D /* Sources */ = {
			isa = PBXSourcesBuildPhase;
			buildActionMask = 2147483647;
			files = (
				0FD4DA192C7DAEC300A0279D /* QuickArchitectTests.swift in Sources */,
			);
			runOnlyForDeploymentPostprocessing = 0;
		};
		0FD4DA1A2C7DAEC300A0279D /* Sources */ = {
			isa = PBXSourcesBuildPhase;
			buildActionMask = 2147483647;
			files = (
				0FD4DA252C7DAEC300A0279D /* QuickArchitectUITestsLaunchTests.swift in Sources */,
				0FD4DA232C7DAEC300A0279D /* QuickArchitectUITests.swift in Sources */,
			);
			runOnlyForDeploymentPostprocessing = 0;
		};
/* End PBXSourcesBuildPhase section */

/* Begin PBXTargetDependency section */
		0FD4DA162C7DAEC300A0279D /* PBXTargetDependency */ = {
			isa = PBXTargetDependency;
			target = 0FD4D9FF2C7DAEC100A0279D /* QuickArchitect */;
			targetProxy = 0FD4DA152C7DAEC300A0279D /* PBXContainerItemProxy */;
		};
		0FD4DA202C7DAEC300A0279D /* PBXTargetDependency */ = {
			isa = PBXTargetDependency;
			target = 0FD4D9FF2C7DAEC100A0279D /* QuickArchitect */;
			targetProxy = 0FD4DA1F2C7DAEC300A0279D /* PBXContainerItemProxy */;
		};
/* End PBXTargetDependency section */

/* Begin XCBuildConfiguration section */
		0FD4DA262C7DAEC300A0279D /* Debug */ = {
			isa = XCBuildConfiguration;
			buildSettings = {
				ALWAYS_SEARCH_USER_PATHS = NO;
				ASSETCATALOG_COMPILER_GENERATE_SWIFT_ASSET_SYMBOL_EXTENSIONS = YES;
				CLANG_ANALYZER_NONNULL = YES;
				CLANG_ANALYZER_NUMBER_OBJECT_CONVERSION = YES_AGGRESSIVE;
				CLANG_CXX_LANGUAGE_STANDARD = "gnu++20";
				CLANG_ENABLE_MODULES = YES;
				CLANG_ENABLE_OBJC_ARC = YES;
				CLANG_ENABLE_OBJC_WEAK = YES;
				CLANG_WARN_BLOCK_CAPTURE_AUTORELEASING = YES;
				CLANG_WARN_BOOL_CONVERSION = YES;
				CLANG_WARN_COMMA = YES;
				CLANG_WARN_CONSTANT_CONVERSION = YES;
				CLANG_WARN_DEPRECATED_OBJC_IMPLEMENTATIONS = YES;
				CLANG_WARN_DIRECT_OBJC_ISA_USAGE = YES_ERROR;
				CLANG_WARN_DOCUMENTATION_COMMENTS = YES;
				CLANG_WARN_EMPTY_BODY = YES;
				CLANG_WARN_ENUM_CONVERSION = YES;
				CLANG_WARN_INFINITE_RECURSION = YES;
				CLANG_WARN_INT_CONVERSION = YES;
				CLANG_WARN_NON_LITERAL_NULL_CONVERSION = YES;
				CLANG_WARN_OBJC_IMPLICIT_RETAIN_SELF = YES;
				CLANG_WARN_OBJC_LITERAL_CONVERSION = YES;
				CLANG_WARN_OBJC_ROOT_CLASS = YES_ERROR;
				CLANG_WARN_QUOTED_INCLUDE_IN_FRAMEWORK_HEADER = YES;
				CLANG_WARN_RANGE_LOOP_ANALYSIS = YES;
				CLANG_WARN_STRICT_PROTOTYPES = YES;
				CLANG_WARN_SUSPICIOUS_MOVE = YES;
				CLANG_WARN_UNGUARDED_AVAILABILITY = YES_AGGRESSIVE;
				CLANG_WARN_UNREACHABLE_CODE = YES;
				CLANG_WARN__DUPLICATE_METHOD_MATCH = YES;
				COPY_PHASE_STRIP = NO;
				DEBUG_INFORMATION_FORMAT = dwarf;
				ENABLE_STRICT_OBJC_MSGSEND = YES;
				ENABLE_TESTABILITY = YES;
				ENABLE_USER_SCRIPT_SANDBOXING = YES;
				GCC_C_LANGUAGE_STANDARD = gnu17;
				GCC_DYNAMIC_NO_PIC = NO;
				GCC_NO_COMMON_BLOCKS = YES;
				GCC_OPTIMIZATION_LEVEL = 0;
				GCC_PREPROCESSOR_DEFINITIONS = (
					"DEBUG=1",
					"$(inherited)",
				);
				GCC_WARN_64_TO_32_BIT_CONVERSION = YES;
				GCC_WARN_ABOUT_RETURN_TYPE = YES_ERROR;
				GCC_WARN_UNDECLARED_SELECTOR = YES;
				GCC_WARN_UNINITIALIZED_AUTOS = YES_AGGRESSIVE;
				GCC_WARN_UNUSED_FUNCTION = YES;
				GCC_WARN_UNUSED_VARIABLE = YES;
				LOCALIZATION_PREFERS_STRING_CATALOGS = YES;
				MACOSX_DEPLOYMENT_TARGET = 14.5;
				MTL_ENABLE_DEBUG_INFO = INCLUDE_SOURCE;
				MTL_FAST_MATH = YES;
				ONLY_ACTIVE_ARCH = YES;
				SDKROOT = macosx;
				SWIFT_ACTIVE_COMPILATION_CONDITIONS = "DEBUG $(inherited)";
				SWIFT_OPTIMIZATION_LEVEL = "-Onone";
			};
			name = Debug;
		};
		0FD4DA272C7DAEC300A0279D /* Release */ = {
			isa = XCBuildConfiguration;
			buildSettings = {
				ALWAYS_SEARCH_USER_PATHS = NO;
				ASSETCATALOG_COMPILER_GENERATE_SWIFT_ASSET_SYMBOL_EXTENSIONS = YES;
				CLANG_ANALYZER_NONNULL = YES;
				CLANG_ANALYZER_NUMBER_OBJECT_CONVERSION = YES_AGGRESSIVE;
				CLANG_CXX_LANGUAGE_STANDARD = "gnu++20";
				CLANG_ENABLE_MODULES = YES;
				CLANG_ENABLE_OBJC_ARC = YES;
				CLANG_ENABLE_OBJC_WEAK = YES;
				CLANG_WARN_BLOCK_CAPTURE_AUTORELEASING = YES;
				CLANG_WARN_BOOL_CONVERSION = YES;
				CLANG_WARN_COMMA = YES;
				CLANG_WARN_CONSTANT_CONVERSION = YES;
				CLANG_WARN_DEPRECATED_OBJC_IMPLEMENTATIONS = YES;
				CLANG_WARN_DIRECT_OBJC_ISA_USAGE = YES_ERROR;
				CLANG_WARN_DOCUMENTATION_COMMENTS = YES;
				CLANG_WARN_EMPTY_BODY = YES;
				CLANG_WARN_ENUM_CONVERSION = YES;
				CLANG_WARN_INFINITE_RECURSION = YES;
				CLANG_WARN_INT_CONVERSION = YES;
				CLANG_WARN_NON_LITERAL_NULL_CONVERSION = YES;
				CLANG_WARN_OBJC_IMPLICIT_RETAIN_SELF = YES;
				CLANG_WARN_OBJC_LITERAL_CONVERSION = YES;
				CLANG_WARN_OBJC_ROOT_CLASS = YES_ERROR;
				CLANG_WARN_QUOTED_INCLUDE_IN_FRAMEWORK_HEADER = YES;
				CLANG_WARN_RANGE_LOOP_ANALYSIS = YES;
				CLANG_WARN_STRICT_PROTOTYPES = YES;
				CLANG_WARN_SUSPICIOUS_MOVE = YES;
				CLANG_WARN_UNGUARDED_AVAILABILITY = YES_AGGRESSIVE;
				CLANG_WARN_UNREACHABLE_CODE = YES;
				CLANG_WARN__DUPLICATE_METHOD_MATCH = YES;
				COPY_PHASE_STRIP = NO;
				DEBUG_INFORMATION_FORMAT = "dwarf-with-dsym";
				ENABLE_NS_ASSERTIONS = NO;
				ENABLE_STRICT_OBJC_MSGSEND = YES;
				ENABLE_USER_SCRIPT_SANDBOXING = YES;
				GCC_C_LANGUAGE_STANDARD = gnu17;
				GCC_NO_COMMON_BLOCKS = YES;
				GCC_WARN_64_TO_32_BIT_CONVERSION = YES;
				GCC_WARN_ABOUT_RETURN_TYPE = YES_ERROR;
				GCC_WARN_UNDECLARED_SELECTOR = YES;
				GCC_WARN_UNINITIALIZED_AUTOS = YES_AGGRESSIVE;
				GCC_WARN_UNUSED_FUNCTION = YES;
				GCC_WARN_UNUSED_VARIABLE = YES;
				LOCALIZATION_PREFERS_STRING_CATALOGS = YES;
				MACOSX_DEPLOYMENT_TARGET = 14.5;
				MTL_ENABLE_DEBUG_INFO = NO;
				MTL_FAST_MATH = YES;
				SDKROOT = macosx;
				SWIFT_COMPILATION_MODE = wholemodule;
			};
			name = Release;
		};
		0FD4DA292C7DAEC300A0279D /* Debug */ = {
			isa = XCBuildConfiguration;
			buildSettings = {
				ASSETCATALOG_COMPILER_APPICON_NAME = AppIcon;
				ASSETCATALOG_COMPILER_GLOBAL_ACCENT_COLOR_NAME = AccentColor;
				CODE_SIGN_ENTITLEMENTS = QuickArchitect/QuickArchitect.entitlements;
				CODE_SIGN_STYLE = Automatic;
				COMBINE_HIDPI_IMAGES = YES;
				CURRENT_PROJECT_VERSION = 1;
				DEVELOPMENT_ASSET_PATHS = "\"QuickArchitect/Preview Content\"";
				DEVELOPMENT_TEAM = 37925SQG82;
				ENABLE_HARDENED_RUNTIME = YES;
				ENABLE_PREVIEWS = YES;
				GENERATE_INFOPLIST_FILE = YES;
				INFOPLIST_FILE = QuickArchitect/Info.plist;
				INFOPLIST_KEY_NSHumanReadableCopyright = "";
				LD_RUNPATH_SEARCH_PATHS = (
					"$(inherited)",
					"@executable_path/../Frameworks",
				);
				MARKETING_VERSION = 1.0;
				PRODUCT_BUNDLE_IDENTIFIER = scaredcr6w.QuickArchitect;
				PRODUCT_NAME = "$(TARGET_NAME)";
				SWIFT_EMIT_LOC_STRINGS = YES;
				SWIFT_VERSION = 5.0;
			};
			name = Debug;
		};
		0FD4DA2A2C7DAEC300A0279D /* Release */ = {
			isa = XCBuildConfiguration;
			buildSettings = {
				ASSETCATALOG_COMPILER_APPICON_NAME = AppIcon;
				ASSETCATALOG_COMPILER_GLOBAL_ACCENT_COLOR_NAME = AccentColor;
				CODE_SIGN_ENTITLEMENTS = QuickArchitect/QuickArchitect.entitlements;
				CODE_SIGN_STYLE = Automatic;
				COMBINE_HIDPI_IMAGES = YES;
				CURRENT_PROJECT_VERSION = 1;
				DEVELOPMENT_ASSET_PATHS = "\"QuickArchitect/Preview Content\"";
				DEVELOPMENT_TEAM = 37925SQG82;
				ENABLE_HARDENED_RUNTIME = YES;
				ENABLE_PREVIEWS = YES;
				GENERATE_INFOPLIST_FILE = YES;
				INFOPLIST_FILE = QuickArchitect/Info.plist;
				INFOPLIST_KEY_NSHumanReadableCopyright = "";
				LD_RUNPATH_SEARCH_PATHS = (
					"$(inherited)",
					"@executable_path/../Frameworks",
				);
				MARKETING_VERSION = 1.0;
				PRODUCT_BUNDLE_IDENTIFIER = scaredcr6w.QuickArchitect;
				PRODUCT_NAME = "$(TARGET_NAME)";
				SWIFT_EMIT_LOC_STRINGS = YES;
				SWIFT_VERSION = 5.0;
			};
			name = Release;
		};
		0FD4DA2C2C7DAEC300A0279D /* Debug */ = {
			isa = XCBuildConfiguration;
			buildSettings = {
				ALWAYS_EMBED_SWIFT_STANDARD_LIBRARIES = YES;
				BUNDLE_LOADER = "$(TEST_HOST)";
				CODE_SIGN_STYLE = Automatic;
				CURRENT_PROJECT_VERSION = 1;
				DEVELOPMENT_TEAM = 37925SQG82;
				GENERATE_INFOPLIST_FILE = YES;
				MACOSX_DEPLOYMENT_TARGET = 14.5;
				MARKETING_VERSION = 1.0;
				PRODUCT_BUNDLE_IDENTIFIER = scaredcr6w.QuickArchitectTests;
				PRODUCT_NAME = "$(TARGET_NAME)";
				SWIFT_EMIT_LOC_STRINGS = NO;
				SWIFT_VERSION = 5.0;
				TEST_HOST = "$(BUILT_PRODUCTS_DIR)/QuickArchitect.app/$(BUNDLE_EXECUTABLE_FOLDER_PATH)/QuickArchitect";
			};
			name = Debug;
		};
		0FD4DA2D2C7DAEC300A0279D /* Release */ = {
			isa = XCBuildConfiguration;
			buildSettings = {
				ALWAYS_EMBED_SWIFT_STANDARD_LIBRARIES = YES;
				BUNDLE_LOADER = "$(TEST_HOST)";
				CODE_SIGN_STYLE = Automatic;
				CURRENT_PROJECT_VERSION = 1;
				DEVELOPMENT_TEAM = 37925SQG82;
				GENERATE_INFOPLIST_FILE = YES;
				MACOSX_DEPLOYMENT_TARGET = 14.5;
				MARKETING_VERSION = 1.0;
				PRODUCT_BUNDLE_IDENTIFIER = scaredcr6w.QuickArchitectTests;
				PRODUCT_NAME = "$(TARGET_NAME)";
				SWIFT_EMIT_LOC_STRINGS = NO;
				SWIFT_VERSION = 5.0;
				TEST_HOST = "$(BUILT_PRODUCTS_DIR)/QuickArchitect.app/$(BUNDLE_EXECUTABLE_FOLDER_PATH)/QuickArchitect";
			};
			name = Release;
		};
		0FD4DA2F2C7DAEC300A0279D /* Debug */ = {
			isa = XCBuildConfiguration;
			buildSettings = {
				ALWAYS_EMBED_SWIFT_STANDARD_LIBRARIES = YES;
				CODE_SIGN_STYLE = Automatic;
				CURRENT_PROJECT_VERSION = 1;
				DEVELOPMENT_TEAM = 37925SQG82;
				GENERATE_INFOPLIST_FILE = YES;
				MARKETING_VERSION = 1.0;
				PRODUCT_BUNDLE_IDENTIFIER = scaredcr6w.QuickArchitectUITests;
				PRODUCT_NAME = "$(TARGET_NAME)";
				SWIFT_EMIT_LOC_STRINGS = NO;
				SWIFT_VERSION = 5.0;
				TEST_TARGET_NAME = QuickArchitect;
			};
			name = Debug;
		};
		0FD4DA302C7DAEC300A0279D /* Release */ = {
			isa = XCBuildConfiguration;
			buildSettings = {
				ALWAYS_EMBED_SWIFT_STANDARD_LIBRARIES = YES;
				CODE_SIGN_STYLE = Automatic;
				CURRENT_PROJECT_VERSION = 1;
				DEVELOPMENT_TEAM = 37925SQG82;
				GENERATE_INFOPLIST_FILE = YES;
				MARKETING_VERSION = 1.0;
				PRODUCT_BUNDLE_IDENTIFIER = scaredcr6w.QuickArchitectUITests;
				PRODUCT_NAME = "$(TARGET_NAME)";
				SWIFT_EMIT_LOC_STRINGS = NO;
				SWIFT_VERSION = 5.0;
				TEST_TARGET_NAME = QuickArchitect;
			};
			name = Release;
		};
/* End XCBuildConfiguration section */

/* Begin XCConfigurationList section */
		0FD4D9FB2C7DAEC100A0279D /* Build configuration list for PBXProject "QuickArchitect" */ = {
			isa = XCConfigurationList;
			buildConfigurations = (
				0FD4DA262C7DAEC300A0279D /* Debug */,
				0FD4DA272C7DAEC300A0279D /* Release */,
			);
			defaultConfigurationIsVisible = 0;
			defaultConfigurationName = Release;
		};
		0FD4DA282C7DAEC300A0279D /* Build configuration list for PBXNativeTarget "QuickArchitect" */ = {
			isa = XCConfigurationList;
			buildConfigurations = (
				0FD4DA292C7DAEC300A0279D /* Debug */,
				0FD4DA2A2C7DAEC300A0279D /* Release */,
			);
			defaultConfigurationIsVisible = 0;
			defaultConfigurationName = Release;
		};
		0FD4DA2B2C7DAEC300A0279D /* Build configuration list for PBXNativeTarget "QuickArchitectTests" */ = {
			isa = XCConfigurationList;
			buildConfigurations = (
				0FD4DA2C2C7DAEC300A0279D /* Debug */,
				0FD4DA2D2C7DAEC300A0279D /* Release */,
			);
			defaultConfigurationIsVisible = 0;
			defaultConfigurationName = Release;
		};
		0FD4DA2E2C7DAEC300A0279D /* Build configuration list for PBXNativeTarget "QuickArchitectUITests" */ = {
			isa = XCConfigurationList;
			buildConfigurations = (
				0FD4DA2F2C7DAEC300A0279D /* Debug */,
				0FD4DA302C7DAEC300A0279D /* Release */,
			);
			defaultConfigurationIsVisible = 0;
			defaultConfigurationName = Release;
		};
/* End XCConfigurationList section */
	};
	rootObject = 0FD4D9F82C7DAEC100A0279D /* Project object */;
}
